// !$*UTF8*$!
{
	archiveVersion = 1;
	classes = {
	};
	objectVersion = 56;
	objects = {

/* Begin PBXBuildFile section */
		65095DE82AB77C82005F1D3E /* TodoList_iOSApp.swift in Sources */ = {isa = PBXBuildFile; fileRef = 65095DE72AB77C82005F1D3E /* TodoList_iOSApp.swift */; };
		65095DEA2AB77C82005F1D3E /* ContentView.swift in Sources */ = {isa = PBXBuildFile; fileRef = 65095DE92AB77C82005F1D3E /* ContentView.swift */; };
		65095DEC2AB77C83005F1D3E /* Assets.xcassets in Resources */ = {isa = PBXBuildFile; fileRef = 65095DEB2AB77C83005F1D3E /* Assets.xcassets */; };
		65095DF02AB77C83005F1D3E /* Preview Assets.xcassets in Resources */ = {isa = PBXBuildFile; fileRef = 65095DEF2AB77C83005F1D3E /* Preview Assets.xcassets */; };
		65095DFA2AB77C83005F1D3E /* TodoList_iOSTests.swift in Sources */ = {isa = PBXBuildFile; fileRef = 65095DF92AB77C83005F1D3E /* TodoList_iOSTests.swift */; };
		65095E042AB77C83005F1D3E /* TodoList_iOSUITests.swift in Sources */ = {isa = PBXBuildFile; fileRef = 65095E032AB77C83005F1D3E /* TodoList_iOSUITests.swift */; };
		65095E062AB77C83005F1D3E /* TodoList_iOSUITestsLaunchTests.swift in Sources */ = {isa = PBXBuildFile; fileRef = 65095E052AB77C83005F1D3E /* TodoList_iOSUITestsLaunchTests.swift */; };
/* End PBXBuildFile section */

/* Begin PBXContainerItemProxy section */
		65095DF62AB77C83005F1D3E /* PBXContainerItemProxy */ = {
			isa = PBXContainerItemProxy;
			containerPortal = 65095DDC2AB77C82005F1D3E /* Project object */;
			proxyType = 1;
			remoteGlobalIDString = 65095DE32AB77C82005F1D3E;
			remoteInfo = TodoList_iOS;
		};
		65095E002AB77C83005F1D3E /* PBXContainerItemProxy */ = {
			isa = PBXContainerItemProxy;
			containerPortal = 65095DDC2AB77C82005F1D3E /* Project object */;
			proxyType = 1;
			remoteGlobalIDString = 65095DE32AB77C82005F1D3E;
			remoteInfo = TodoList_iOS;
		};
/* End PBXContainerItemProxy section */

/* Begin PBXFileReference section */
		65095DE42AB77C82005F1D3E /* TodoList_iOS.app */ = {isa = PBXFileReference; explicitFileType = wrapper.application; includeInIndex = 0; path = TodoList_iOS.app; sourceTree = BUILT_PRODUCTS_DIR; };
		65095DE72AB77C82005F1D3E /* TodoList_iOSApp.swift */ = {isa = PBXFileReference; lastKnownFileType = sourcecode.swift; path = TodoList_iOSApp.swift; sourceTree = "<group>"; };
		65095DE92AB77C82005F1D3E /* ContentView.swift */ = {isa = PBXFileReference; lastKnownFileType = sourcecode.swift; path = ContentView.swift; sourceTree = "<group>"; };
		65095DEB2AB77C83005F1D3E /* Assets.xcassets */ = {isa = PBXFileReference; lastKnownFileType = folder.assetcatalog; path = Assets.xcassets; sourceTree = "<group>"; };
		65095DED2AB77C83005F1D3E /* TodoList_iOS.entitlements */ = {isa = PBXFileReference; lastKnownFileType = text.plist.entitlements; path = TodoList_iOS.entitlements; sourceTree = "<group>"; };
		65095DEF2AB77C83005F1D3E /* Preview Assets.xcassets */ = {isa = PBXFileReference; lastKnownFileType = folder.assetcatalog; path = "Preview Assets.xcassets"; sourceTree = "<group>"; };
		65095DF52AB77C83005F1D3E /* TodoList_iOSTests.xctest */ = {isa = PBXFileReference; explicitFileType = wrapper.cfbundle; includeInIndex = 0; path = TodoList_iOSTests.xctest; sourceTree = BUILT_PRODUCTS_DIR; };
		65095DF92AB77C83005F1D3E /* TodoList_iOSTests.swift */ = {isa = PBXFileReference; lastKnownFileType = sourcecode.swift; path = TodoList_iOSTests.swift; sourceTree = "<group>"; };
		65095DFF2AB77C83005F1D3E /* TodoList_iOSUITests.xctest */ = {isa = PBXFileReference; explicitFileType = wrapper.cfbundle; includeInIndex = 0; path = TodoList_iOSUITests.xctest; sourceTree = BUILT_PRODUCTS_DIR; };
		65095E032AB77C83005F1D3E /* TodoList_iOSUITests.swift */ = {isa = PBXFileReference; lastKnownFileType = sourcecode.swift; path = TodoList_iOSUITests.swift; sourceTree = "<group>"; };
		65095E052AB77C83005F1D3E /* TodoList_iOSUITestsLaunchTests.swift */ = {isa = PBXFileReference; lastKnownFileType = sourcecode.swift; path = TodoList_iOSUITestsLaunchTests.swift; sourceTree = "<group>"; };
/* End PBXFileReference section */

/* Begin PBXFrameworksBuildPhase section */
		65095DE12AB77C82005F1D3E /* Frameworks */ = {
			isa = PBXFrameworksBuildPhase;
			buildActionMask = 2147483647;
			files = (
			);
			runOnlyForDeploymentPostprocessing = 0;
		};
		65095DF22AB77C83005F1D3E /* Frameworks */ = {
			isa = PBXFrameworksBuildPhase;
			buildActionMask = 2147483647;
			files = (
			);
			runOnlyForDeploymentPostprocessing = 0;
		};
		65095DFC2AB77C83005F1D3E /* Frameworks */ = {
			isa = PBXFrameworksBuildPhase;
			buildActionMask = 2147483647;
			files = (
			);
			runOnlyForDeploymentPostprocessing = 0;
		};
/* End PBXFrameworksBuildPhase section */

/* Begin PBXGroup section */
		65095DDB2AB77C82005F1D3E = {
			isa = PBXGroup;
			children = (
				65095DE62AB77C82005F1D3E /* TodoList_iOS */,
				65095DF82AB77C83005F1D3E /* TodoList_iOSTests */,
				65095E022AB77C83005F1D3E /* TodoList_iOSUITests */,
				65095DE52AB77C82005F1D3E /* Products */,
			);
			sourceTree = "<group>";
		};
		65095DE52AB77C82005F1D3E /* Products */ = {
			isa = PBXGroup;
			children = (
				65095DE42AB77C82005F1D3E /* TodoList_iOS.app */,
				65095DF52AB77C83005F1D3E /* TodoList_iOSTests.xctest */,
				65095DFF2AB77C83005F1D3E /* TodoList_iOSUITests.xctest */,
			);
			name = Products;
			sourceTree = "<group>";
		};
		65095DE62AB77C82005F1D3E /* TodoList_iOS */ = {
			isa = PBXGroup;
			children = (
				65095DE72AB77C82005F1D3E /* TodoList_iOSApp.swift */,
				65095DE92AB77C82005F1D3E /* ContentView.swift */,
				65095DEB2AB77C83005F1D3E /* Assets.xcassets */,
				65095DED2AB77C83005F1D3E /* TodoList_iOS.entitlements */,
				65095DEE2AB77C83005F1D3E /* Preview Content */,
			);
			path = TodoList_iOS;
			sourceTree = "<group>";
		};
		65095DEE2AB77C83005F1D3E /* Preview Content */ = {
			isa = PBXGroup;
			children = (
				65095DEF2AB77C83005F1D3E /* Preview Assets.xcassets */,
			);
			path = "Preview Content";
			sourceTree = "<group>";
		};
		65095DF82AB77C83005F1D3E /* TodoList_iOSTests */ = {
			isa = PBXGroup;
			children = (
				65095DF92AB77C83005F1D3E /* TodoList_iOSTests.swift */,
			);
			path = TodoList_iOSTests;
			sourceTree = "<group>";
		};
		65095E022AB77C83005F1D3E /* TodoList_iOSUITests */ = {
			isa = PBXGroup;
			children = (
				65095E032AB77C83005F1D3E /* TodoList_iOSUITests.swift */,
				65095E052AB77C83005F1D3E /* TodoList_iOSUITestsLaunchTests.swift */,
			);
			path = TodoList_iOSUITests;
			sourceTree = "<group>";
		};
/* End PBXGroup section */

/* Begin PBXNativeTarget section */
		65095DE32AB77C82005F1D3E /* TodoList_iOS */ = {
			isa = PBXNativeTarget;
			buildConfigurationList = 65095E092AB77C83005F1D3E /* Build configuration list for PBXNativeTarget "TodoList_iOS" */;
			buildPhases = (
				65095DE02AB77C82005F1D3E /* Sources */,
				65095DE12AB77C82005F1D3E /* Frameworks */,
				65095DE22AB77C82005F1D3E /* Resources */,
			);
			buildRules = (
			);
			dependencies = (
			);
			name = TodoList_iOS;
			productName = TodoList_iOS;
			productReference = 65095DE42AB77C82005F1D3E /* TodoList_iOS.app */;
			productType = "com.apple.product-type.application";
		};
		65095DF42AB77C83005F1D3E /* TodoList_iOSTests */ = {
			isa = PBXNativeTarget;
			buildConfigurationList = 65095E0C2AB77C83005F1D3E /* Build configuration list for PBXNativeTarget "TodoList_iOSTests" */;
			buildPhases = (
				65095DF12AB77C83005F1D3E /* Sources */,
				65095DF22AB77C83005F1D3E /* Frameworks */,
				65095DF32AB77C83005F1D3E /* Resources */,
			);
			buildRules = (
			);
			dependencies = (
				65095DF72AB77C83005F1D3E /* PBXTargetDependency */,
			);
			name = TodoList_iOSTests;
			productName = TodoList_iOSTests;
			productReference = 65095DF52AB77C83005F1D3E /* TodoList_iOSTests.xctest */;
			productType = "com.apple.product-type.bundle.unit-test";
		};
		65095DFE2AB77C83005F1D3E /* TodoList_iOSUITests */ = {
			isa = PBXNativeTarget;
			buildConfigurationList = 65095E0F2AB77C83005F1D3E /* Build configuration list for PBXNativeTarget "TodoList_iOSUITests" */;
			buildPhases = (
				65095DFB2AB77C83005F1D3E /* Sources */,
				65095DFC2AB77C83005F1D3E /* Frameworks */,
				65095DFD2AB77C83005F1D3E /* Resources */,
			);
			buildRules = (
			);
			dependencies = (
				65095E012AB77C83005F1D3E /* PBXTargetDependency */,
			);
			name = TodoList_iOSUITests;
			productName = TodoList_iOSUITests;
			productReference = 65095DFF2AB77C83005F1D3E /* TodoList_iOSUITests.xctest */;
			productType = "com.apple.product-type.bundle.ui-testing";
		};
/* End PBXNativeTarget section */

/* Begin PBXProject section */
		65095DDC2AB77C82005F1D3E /* Project object */ = {
			isa = PBXProject;
			attributes = {
				BuildIndependentTargetsInParallel = 1;
				LastSwiftUpdateCheck = 1430;
				LastUpgradeCheck = 1430;
				TargetAttributes = {
					65095DE32AB77C82005F1D3E = {
						CreatedOnToolsVersion = 14.3.1;
					};
					65095DF42AB77C83005F1D3E = {
						CreatedOnToolsVersion = 14.3.1;
						TestTargetID = 65095DE32AB77C82005F1D3E;
					};
					65095DFE2AB77C83005F1D3E = {
						CreatedOnToolsVersion = 14.3.1;
						TestTargetID = 65095DE32AB77C82005F1D3E;
					};
				};
			};
			buildConfigurationList = 65095DDF2AB77C82005F1D3E /* Build configuration list for PBXProject "TodoList_iOS" */;
			compatibilityVersion = "Xcode 14.0";
			developmentRegion = en;
			hasScannedForEncodings = 0;
			knownRegions = (
				en,
				Base,
			);
			mainGroup = 65095DDB2AB77C82005F1D3E;
			productRefGroup = 65095DE52AB77C82005F1D3E /* Products */;
			projectDirPath = "";
			projectRoot = "";
			targets = (
				65095DE32AB77C82005F1D3E /* TodoList_iOS */,
				65095DF42AB77C83005F1D3E /* TodoList_iOSTests */,
				65095DFE2AB77C83005F1D3E /* TodoList_iOSUITests */,
			);
		};
/* End PBXProject section */

/* Begin PBXResourcesBuildPhase section */
		65095DE22AB77C82005F1D3E /* Resources */ = {
			isa = PBXResourcesBuildPhase;
			buildActionMask = 2147483647;
			files = (
				65095DF02AB77C83005F1D3E /* Preview Assets.xcassets in Resources */,
				65095DEC2AB77C83005F1D3E /* Assets.xcassets in Resources */,
			);
			runOnlyForDeploymentPostprocessing = 0;
		};
		65095DF32AB77C83005F1D3E /* Resources */ = {
			isa = PBXResourcesBuildPhase;
			buildActionMask = 2147483647;
			files = (
			);
			runOnlyForDeploymentPostprocessing = 0;
		};
		65095DFD2AB77C83005F1D3E /* Resources */ = {
			isa = PBXResourcesBuildPhase;
			buildActionMask = 2147483647;
			files = (
			);
			runOnlyForDeploymentPostprocessing = 0;
		};
/* End PBXResourcesBuildPhase section */

/* Begin PBXSourcesBuildPhase section */
		65095DE02AB77C82005F1D3E /* Sources */ = {
			isa = PBXSourcesBuildPhase;
			buildActionMask = 2147483647;
			files = (
				65095DEA2AB77C82005F1D3E /* ContentView.swift in Sources */,
				65095DE82AB77C82005F1D3E /* TodoList_iOSApp.swift in Sources */,
			);
			runOnlyForDeploymentPostprocessing = 0;
		};
		65095DF12AB77C83005F1D3E /* Sources */ = {
			isa = PBXSourcesBuildPhase;
			buildActionMask = 2147483647;
			files = (
				65095DFA2AB77C83005F1D3E /* TodoList_iOSTests.swift in Sources */,
			);
			runOnlyForDeploymentPostprocessing = 0;
		};
		65095DFB2AB77C83005F1D3E /* Sources */ = {
			isa = PBXSourcesBuildPhase;
			buildActionMask = 2147483647;
			files = (
				65095E062AB77C83005F1D3E /* TodoList_iOSUITestsLaunchTests.swift in Sources */,
				65095E042AB77C83005F1D3E /* TodoList_iOSUITests.swift in Sources */,
			);
			runOnlyForDeploymentPostprocessing = 0;
		};
/* End PBXSourcesBuildPhase section */

/* Begin PBXTargetDependency section */
		65095DF72AB77C83005F1D3E /* PBXTargetDependency */ = {
			isa = PBXTargetDependency;
			target = 65095DE32AB77C82005F1D3E /* TodoList_iOS */;
			targetProxy = 65095DF62AB77C83005F1D3E /* PBXContainerItemProxy */;
		};
		65095E012AB77C83005F1D3E /* PBXTargetDependency */ = {
			isa = PBXTargetDependency;
			target = 65095DE32AB77C82005F1D3E /* TodoList_iOS */;
			targetProxy = 65095E002AB77C83005F1D3E /* PBXContainerItemProxy */;
		};
/* End PBXTargetDependency section */

/* Begin XCBuildConfiguration section */
		65095E072AB77C83005F1D3E /* Debug */ = {
			isa = XCBuildConfiguration;
			buildSettings = {
				ALWAYS_SEARCH_USER_PATHS = NO;
				CLANG_ANALYZER_NONNULL = YES;
				CLANG_ANALYZER_NUMBER_OBJECT_CONVERSION = YES_AGGRESSIVE;
				CLANG_CXX_LANGUAGE_STANDARD = "gnu++20";
				CLANG_ENABLE_MODULES = YES;
				CLANG_ENABLE_OBJC_ARC = YES;
				CLANG_ENABLE_OBJC_WEAK = YES;
				CLANG_WARN_BLOCK_CAPTURE_AUTORELEASING = YES;
				CLANG_WARN_BOOL_CONVERSION = YES;
				CLANG_WARN_COMMA = YES;
				CLANG_WARN_CONSTANT_CONVERSION = YES;
				CLANG_WARN_DEPRECATED_OBJC_IMPLEMENTATIONS = YES;
				CLANG_WARN_DIRECT_OBJC_ISA_USAGE = YES_ERROR;
				CLANG_WARN_DOCUMENTATION_COMMENTS = YES;
				CLANG_WARN_EMPTY_BODY = YES;
				CLANG_WARN_ENUM_CONVERSION = YES;
				CLANG_WARN_INFINITE_RECURSION = YES;
				CLANG_WARN_INT_CONVERSION = YES;
				CLANG_WARN_NON_LITERAL_NULL_CONVERSION = YES;
				CLANG_WARN_OBJC_IMPLICIT_RETAIN_SELF = YES;
				CLANG_WARN_OBJC_LITERAL_CONVERSION = YES;
				CLANG_WARN_OBJC_ROOT_CLASS = YES_ERROR;
				CLANG_WARN_QUOTED_INCLUDE_IN_FRAMEWORK_HEADER = YES;
				CLANG_WARN_RANGE_LOOP_ANALYSIS = YES;
				CLANG_WARN_STRICT_PROTOTYPES = YES;
				CLANG_WARN_SUSPICIOUS_MOVE = YES;
				CLANG_WARN_UNGUARDED_AVAILABILITY = YES_AGGRESSIVE;
				CLANG_WARN_UNREACHABLE_CODE = YES;
				CLANG_WARN__DUPLICATE_METHOD_MATCH = YES;
				COPY_PHASE_STRIP = NO;
				DEBUG_INFORMATION_FORMAT = dwarf;
				ENABLE_STRICT_OBJC_MSGSEND = YES;
				ENABLE_TESTABILITY = YES;
				GCC_C_LANGUAGE_STANDARD = gnu11;
				GCC_DYNAMIC_NO_PIC = NO;
				GCC_NO_COMMON_BLOCKS = YES;
				GCC_OPTIMIZATION_LEVEL = 0;
				GCC_PREPROCESSOR_DEFINITIONS = (
					"DEBUG=1",
					"$(inherited)",
				);
				GCC_WARN_64_TO_32_BIT_CONVERSION = YES;
				GCC_WARN_ABOUT_RETURN_TYPE = YES_ERROR;
				GCC_WARN_UNDECLARED_SELECTOR = YES;
				GCC_WARN_UNINITIALIZED_AUTOS = YES_AGGRESSIVE;
				GCC_WARN_UNUSED_FUNCTION = YES;
				GCC_WARN_UNUSED_VARIABLE = YES;
				MTL_ENABLE_DEBUG_INFO = INCLUDE_SOURCE;
				MTL_FAST_MATH = YES;
				ONLY_ACTIVE_ARCH = YES;
				SWIFT_ACTIVE_COMPILATION_CONDITIONS = DEBUG;
				SWIFT_OPTIMIZATION_LEVEL = "-Onone";
			};
			name = Debug;
		};
		65095E082AB77C83005F1D3E /* Release */ = {
			isa = XCBuildConfiguration;
			buildSettings = {
				ALWAYS_SEARCH_USER_PATHS = NO;
				CLANG_ANALYZER_NONNULL = YES;
				CLANG_ANALYZER_NUMBER_OBJECT_CONVERSION = YES_AGGRESSIVE;
				CLANG_CXX_LANGUAGE_STANDARD = "gnu++20";
				CLANG_ENABLE_MODULES = YES;
				CLANG_ENABLE_OBJC_ARC = YES;
				CLANG_ENABLE_OBJC_WEAK = YES;
				CLANG_WARN_BLOCK_CAPTURE_AUTORELEASING = YES;
				CLANG_WARN_BOOL_CONVERSION = YES;
				CLANG_WARN_COMMA = YES;
				CLANG_WARN_CONSTANT_CONVERSION = YES;
				CLANG_WARN_DEPRECATED_OBJC_IMPLEMENTATIONS = YES;
				CLANG_WARN_DIRECT_OBJC_ISA_USAGE = YES_ERROR;
				CLANG_WARN_DOCUMENTATION_COMMENTS = YES;
				CLANG_WARN_EMPTY_BODY = YES;
				CLANG_WARN_ENUM_CONVERSION = YES;
				CLANG_WARN_INFINITE_RECURSION = YES;
				CLANG_WARN_INT_CONVERSION = YES;
				CLANG_WARN_NON_LITERAL_NULL_CONVERSION = YES;
				CLANG_WARN_OBJC_IMPLICIT_RETAIN_SELF = YES;
				CLANG_WARN_OBJC_LITERAL_CONVERSION = YES;
				CLANG_WARN_OBJC_ROOT_CLASS = YES_ERROR;
				CLANG_WARN_QUOTED_INCLUDE_IN_FRAMEWORK_HEADER = YES;
				CLANG_WARN_RANGE_LOOP_ANALYSIS = YES;
				CLANG_WARN_STRICT_PROTOTYPES = YES;
				CLANG_WARN_SUSPICIOUS_MOVE = YES;
				CLANG_WARN_UNGUARDED_AVAILABILITY = YES_AGGRESSIVE;
				CLANG_WARN_UNREACHABLE_CODE = YES;
				CLANG_WARN__DUPLICATE_METHOD_MATCH = YES;
				COPY_PHASE_STRIP = NO;
				DEBUG_INFORMATION_FORMAT = "dwarf-with-dsym";
				ENABLE_NS_ASSERTIONS = NO;
				ENABLE_STRICT_OBJC_MSGSEND = YES;
				GCC_C_LANGUAGE_STANDARD = gnu11;
				GCC_NO_COMMON_BLOCKS = YES;
				GCC_WARN_64_TO_32_BIT_CONVERSION = YES;
				GCC_WARN_ABOUT_RETURN_TYPE = YES_ERROR;
				GCC_WARN_UNDECLARED_SELECTOR = YES;
				GCC_WARN_UNINITIALIZED_AUTOS = YES_AGGRESSIVE;
				GCC_WARN_UNUSED_FUNCTION = YES;
				GCC_WARN_UNUSED_VARIABLE = YES;
				MTL_ENABLE_DEBUG_INFO = NO;
				MTL_FAST_MATH = YES;
				SWIFT_COMPILATION_MODE = wholemodule;
				SWIFT_OPTIMIZATION_LEVEL = "-O";
			};
			name = Release;
		};
		65095E0A2AB77C83005F1D3E /* Debug */ = {
			isa = XCBuildConfiguration;
			buildSettings = {
				ASSETCATALOG_COMPILER_APPICON_NAME = AppIcon;
				ASSETCATALOG_COMPILER_GLOBAL_ACCENT_COLOR_NAME = AccentColor;
				CODE_SIGN_ENTITLEMENTS = TodoList_iOS/TodoList_iOS.entitlements;
				CODE_SIGN_STYLE = Automatic;
				CURRENT_PROJECT_VERSION = 1;
				DEVELOPMENT_ASSET_PATHS = "\"TodoList_iOS/Preview Content\"";
				ENABLE_PREVIEWS = YES;
				GENERATE_INFOPLIST_FILE = YES;
				"INFOPLIST_KEY_UIApplicationSceneManifest_Generation[sdk=iphoneos*]" = YES;
				"INFOPLIST_KEY_UIApplicationSceneManifest_Generation[sdk=iphonesimulator*]" = YES;
				"INFOPLIST_KEY_UIApplicationSupportsIndirectInputEvents[sdk=iphoneos*]" = YES;
				"INFOPLIST_KEY_UIApplicationSupportsIndirectInputEvents[sdk=iphonesimulator*]" = YES;
				"INFOPLIST_KEY_UILaunchScreen_Generation[sdk=iphoneos*]" = YES;
				"INFOPLIST_KEY_UILaunchScreen_Generation[sdk=iphonesimulator*]" = YES;
				"INFOPLIST_KEY_UIStatusBarStyle[sdk=iphoneos*]" = UIStatusBarStyleDefault;
				"INFOPLIST_KEY_UIStatusBarStyle[sdk=iphonesimulator*]" = UIStatusBarStyleDefault;
				INFOPLIST_KEY_UISupportedInterfaceOrientations_iPad = "UIInterfaceOrientationPortrait UIInterfaceOrientationPortraitUpsideDown UIInterfaceOrientationLandscapeLeft UIInterfaceOrientationLandscapeRight";
				INFOPLIST_KEY_UISupportedInterfaceOrientations_iPhone = "UIInterfaceOrientationPortrait UIInterfaceOrientationLandscapeLeft UIInterfaceOrientationLandscapeRight";
				IPHONEOS_DEPLOYMENT_TARGET = 16.4;
				LD_RUNPATH_SEARCH_PATHS = "@executable_path/Frameworks";
				"LD_RUNPATH_SEARCH_PATHS[sdk=macosx*]" = "@executable_path/../Frameworks";
				MACOSX_DEPLOYMENT_TARGET = 13.3;
				MARKETING_VERSION = 1.0;
				PRODUCT_BUNDLE_IDENTIFIER = "eduardoreis.TodoList-iOS";
				PRODUCT_NAME = "$(TARGET_NAME)";
				SDKROOT = auto;
				SUPPORTED_PLATFORMS = "iphoneos iphonesimulator macosx";
				SWIFT_EMIT_LOC_STRINGS = YES;
				SWIFT_VERSION = 5.0;
				TARGETED_DEVICE_FAMILY = "1,2";
			};
			name = Debug;
		};
		65095E0B2AB77C83005F1D3E /* Release */ = {
			isa = XCBuildConfiguration;
			buildSettings = {
				ASSETCATALOG_COMPILER_APPICON_NAME = AppIcon;
				ASSETCATALOG_COMPILER_GLOBAL_ACCENT_COLOR_NAME = AccentColor;
				CODE_SIGN_ENTITLEMENTS = TodoList_iOS/TodoList_iOS.entitlements;
				CODE_SIGN_STYLE = Automatic;
				CURRENT_PROJECT_VERSION = 1;
				DEVELOPMENT_ASSET_PATHS = "\"TodoList_iOS/Preview Content\"";
				ENABLE_PREVIEWS = YES;
				GENERATE_INFOPLIST_FILE = YES;
				"INFOPLIST_KEY_UIApplicationSceneManifest_Generation[sdk=iphoneos*]" = YES;
				"INFOPLIST_KEY_UIApplicationSceneManifest_Generation[sdk=iphonesimulator*]" = YES;
				"INFOPLIST_KEY_UIApplicationSupportsIndirectInputEvents[sdk=iphoneos*]" = YES;
				"INFOPLIST_KEY_UIApplicationSupportsIndirectInputEvents[sdk=iphonesimulator*]" = YES;
				"INFOPLIST_KEY_UILaunchScreen_Generation[sdk=iphoneos*]" = YES;
				"INFOPLIST_KEY_UILaunchScreen_Generation[sdk=iphonesimulator*]" = YES;
				"INFOPLIST_KEY_UIStatusBarStyle[sdk=iphoneos*]" = UIStatusBarStyleDefault;
				"INFOPLIST_KEY_UIStatusBarStyle[sdk=iphonesimulator*]" = UIStatusBarStyleDefault;
				INFOPLIST_KEY_UISupportedInterfaceOrientations_iPad = "UIInterfaceOrientationPortrait UIInterfaceOrientationPortraitUpsideDown UIInterfaceOrientationLandscapeLeft UIInterfaceOrientationLandscapeRight";
				INFOPLIST_KEY_UISupportedInterfaceOrientations_iPhone = "UIInterfaceOrientationPortrait UIInterfaceOrientationLandscapeLeft UIInterfaceOrientationLandscapeRight";
				IPHONEOS_DEPLOYMENT_TARGET = 16.4;
				LD_RUNPATH_SEARCH_PATHS = "@executable_path/Frameworks";
				"LD_RUNPATH_SEARCH_PATHS[sdk=macosx*]" = "@executable_path/../Frameworks";
				MACOSX_DEPLOYMENT_TARGET = 13.3;
				MARKETING_VERSION = 1.0;
				PRODUCT_BUNDLE_IDENTIFIER = "eduardoreis.TodoList-iOS";
				PRODUCT_NAME = "$(TARGET_NAME)";
				SDKROOT = auto;
				SUPPORTED_PLATFORMS = "iphoneos iphonesimulator macosx";
				SWIFT_EMIT_LOC_STRINGS = YES;
				SWIFT_VERSION = 5.0;
				TARGETED_DEVICE_FAMILY = "1,2";
			};
			name = Release;
		};
		65095E0D2AB77C83005F1D3E /* Debug */ = {
			isa = XCBuildConfiguration;
			buildSettings = {
				ALWAYS_EMBED_SWIFT_STANDARD_LIBRARIES = YES;
				BUNDLE_LOADER = "$(TEST_HOST)";
				CODE_SIGN_STYLE = Automatic;
				CURRENT_PROJECT_VERSION = 1;
				GENERATE_INFOPLIST_FILE = YES;
				IPHONEOS_DEPLOYMENT_TARGET = 16.4;
				MACOSX_DEPLOYMENT_TARGET = 13.3;
				MARKETING_VERSION = 1.0;
				PRODUCT_BUNDLE_IDENTIFIER = "eduardoreis.TodoList-iOSTests";
				PRODUCT_NAME = "$(TARGET_NAME)";
				SDKROOT = auto;
				SUPPORTED_PLATFORMS = "iphoneos iphonesimulator macosx";
				SWIFT_EMIT_LOC_STRINGS = NO;
				SWIFT_VERSION = 5.0;
				TARGETED_DEVICE_FAMILY = "1,2";
				TEST_HOST = "$(BUILT_PRODUCTS_DIR)/TodoList_iOS.app/$(BUNDLE_EXECUTABLE_FOLDER_PATH)/TodoList_iOS";
			};
			name = Debug;
		};
		65095E0E2AB77C83005F1D3E /* Release */ = {
			isa = XCBuildConfiguration;
			buildSettings = {
				ALWAYS_EMBED_SWIFT_STANDARD_LIBRARIES = YES;
				BUNDLE_LOADER = "$(TEST_HOST)";
				CODE_SIGN_STYLE = Automatic;
				CURRENT_PROJECT_VERSION = 1;
				GENERATE_INFOPLIST_FILE = YES;
				IPHONEOS_DEPLOYMENT_TARGET = 16.4;
				MACOSX_DEPLOYMENT_TARGET = 13.3;
				MARKETING_VERSION = 1.0;
				PRODUCT_BUNDLE_IDENTIFIER = "eduardoreis.TodoList-iOSTests";
				PRODUCT_NAME = "$(TARGET_NAME)";
				SDKROOT = auto;
				SUPPORTED_PLATFORMS = "iphoneos iphonesimulator macosx";
				SWIFT_EMIT_LOC_STRINGS = NO;
				SWIFT_VERSION = 5.0;
				TARGETED_DEVICE_FAMILY = "1,2";
				TEST_HOST = "$(BUILT_PRODUCTS_DIR)/TodoList_iOS.app/$(BUNDLE_EXECUTABLE_FOLDER_PATH)/TodoList_iOS";
			};
			name = Release;
		};
		65095E102AB77C83005F1D3E /* Debug */ = {
			isa = XCBuildConfiguration;
			buildSettings = {
				ALWAYS_EMBED_SWIFT_STANDARD_LIBRARIES = YES;
				CODE_SIGN_STYLE = Automatic;
				CURRENT_PROJECT_VERSION = 1;
				GENERATE_INFOPLIST_FILE = YES;
				IPHONEOS_DEPLOYMENT_TARGET = 16.4;
				MACOSX_DEPLOYMENT_TARGET = 13.3;
				MARKETING_VERSION = 1.0;
				PRODUCT_BUNDLE_IDENTIFIER = "eduardoreis.TodoList-iOSUITests";
				PRODUCT_NAME = "$(TARGET_NAME)";
				SDKROOT = auto;
				SUPPORTED_PLATFORMS = "iphoneos iphonesimulator macosx";
				SWIFT_EMIT_LOC_STRINGS = NO;
				SWIFT_VERSION = 5.0;
				TARGETED_DEVICE_FAMILY = "1,2";
				TEST_TARGET_NAME = TodoList_iOS;
			};
			name = Debug;
		};
		65095E112AB77C83005F1D3E /* Release */ = {
			isa = XCBuildConfiguration;
			buildSettings = {
				ALWAYS_EMBED_SWIFT_STANDARD_LIBRARIES = YES;
				CODE_SIGN_STYLE = Automatic;
				CURRENT_PROJECT_VERSION = 1;
				GENERATE_INFOPLIST_FILE = YES;
				IPHONEOS_DEPLOYMENT_TARGET = 16.4;
				MACOSX_DEPLOYMENT_TARGET = 13.3;
				MARKETING_VERSION = 1.0;
				PRODUCT_BUNDLE_IDENTIFIER = "eduardoreis.TodoList-iOSUITests";
				PRODUCT_NAME = "$(TARGET_NAME)";
				SDKROOT = auto;
				SUPPORTED_PLATFORMS = "iphoneos iphonesimulator macosx";
				SWIFT_EMIT_LOC_STRINGS = NO;
				SWIFT_VERSION = 5.0;
				TARGETED_DEVICE_FAMILY = "1,2";
				TEST_TARGET_NAME = TodoList_iOS;
			};
			name = Release;
		};
/* End XCBuildConfiguration section */

/* Begin XCConfigurationList section */
		65095DDF2AB77C82005F1D3E /* Build configuration list for PBXProject "TodoList_iOS" */ = {
			isa = XCConfigurationList;
			buildConfigurations = (
				65095E072AB77C83005F1D3E /* Debug */,
				65095E082AB77C83005F1D3E /* Release */,
			);
			defaultConfigurationIsVisible = 0;
			defaultConfigurationName = Release;
		};
		65095E092AB77C83005F1D3E /* Build configuration list for PBXNativeTarget "TodoList_iOS" */ = {
			isa = XCConfigurationList;
			buildConfigurations = (
				65095E0A2AB77C83005F1D3E /* Debug */,
				65095E0B2AB77C83005F1D3E /* Release */,
			);
			defaultConfigurationIsVisible = 0;
			defaultConfigurationName = Release;
		};
		65095E0C2AB77C83005F1D3E /* Build configuration list for PBXNativeTarget "TodoList_iOSTests" */ = {
			isa = XCConfigurationList;
			buildConfigurations = (
				65095E0D2AB77C83005F1D3E /* Debug */,
				65095E0E2AB77C83005F1D3E /* Release */,
			);
			defaultConfigurationIsVisible = 0;
			defaultConfigurationName = Release;
		};
		65095E0F2AB77C83005F1D3E /* Build configuration list for PBXNativeTarget "TodoList_iOSUITests" */ = {
			isa = XCConfigurationList;
			buildConfigurations = (
				65095E102AB77C83005F1D3E /* Debug */,
				65095E112AB77C83005F1D3E /* Release */,
			);
			defaultConfigurationIsVisible = 0;
			defaultConfigurationName = Release;
		};
/* End XCConfigurationList section */
	};
	rootObject = 65095DDC2AB77C82005F1D3E /* Project object */;
}
